<?xml version="1.0" encoding="UTF-8"?>
<CodeBlocks_project_file>
	<FileVersion major="1" minor="6"/>
	<Project>
		<Option title="utility"/>
		<Option makefile_is_custom="1"/>
		<Option compiler="gcc"/>
		<Option virtualFolders="CMake Files\;"/>
		<Build>
			<Target title="all">
				<Option working_dir="/Users/aa/workspace/qtcreator/utility"/>
				<Option type="4"/>
				<MakeCommands>
					<Build command="/usr/bin/make -f &quot;/Users/aa/workspace/qtcreator/utility/Makefile&quot;  VERBOSE=1 all"/>
					<CompileFile command="/usr/bin/make -f &quot;/Users/aa/workspace/qtcreator/utility/Makefile&quot;  VERBOSE=1 &quot;$file&quot;"/>
					<Clean command="/usr/bin/make -f &quot;/Users/aa/workspace/qtcreator/utility/Makefile&quot;  VERBOSE=1 clean"/>
					<DistClean command="/usr/bin/make -f &quot;/Users/aa/workspace/qtcreator/utility/Makefile&quot;  VERBOSE=1 clean"/>
				</MakeCommands>
			</Target>
			<Target title="rebuild_cache">
				<Option working_dir="/Users/aa/workspace/qtcreator/utility"/>
				<Option type="4"/>
				<MakeCommands>
					<Build command="/usr/bin/make -f &quot;/Users/aa/workspace/qtcreator/utility/Makefile&quot;  VERBOSE=1 rebuild_cache"/>
					<CompileFile command="/usr/bin/make -f &quot;/Users/aa/workspace/qtcreator/utility/Makefile&quot;  VERBOSE=1 &quot;$file&quot;"/>
					<Clean command="/usr/bin/make -f &quot;/Users/aa/workspace/qtcreator/utility/Makefile&quot;  VERBOSE=1 clean"/>
					<DistClean command="/usr/bin/make -f &quot;/Users/aa/workspace/qtcreator/utility/Makefile&quot;  VERBOSE=1 clean"/>
				</MakeCommands>
			</Target>
			<Target title="edit_cache">
				<Option working_dir="/Users/aa/workspace/qtcreator/utility"/>
				<Option type="4"/>
				<MakeCommands>
					<Build command="/usr/bin/make -f &quot;/Users/aa/workspace/qtcreator/utility/Makefile&quot;  VERBOSE=1 edit_cache"/>
					<CompileFile command="/usr/bin/make -f &quot;/Users/aa/workspace/qtcreator/utility/Makefile&quot;  VERBOSE=1 &quot;$file&quot;"/>
					<Clean command="/usr/bin/make -f &quot;/Users/aa/workspace/qtcreator/utility/Makefile&quot;  VERBOSE=1 clean"/>
					<DistClean command="/usr/bin/make -f &quot;/Users/aa/workspace/qtcreator/utility/Makefile&quot;  VERBOSE=1 clean"/>
				</MakeCommands>
			</Target>
			<Target title="test">
				<Option working_dir="/Users/aa/workspace/qtcreator/utility"/>
				<Option type="4"/>
				<MakeCommands>
					<Build command="/usr/bin/make -f &quot;/Users/aa/workspace/qtcreator/utility/Makefile&quot;  VERBOSE=1 test"/>
					<CompileFile command="/usr/bin/make -f &quot;/Users/aa/workspace/qtcreator/utility/Makefile&quot;  VERBOSE=1 &quot;$file&quot;"/>
					<Clean command="/usr/bin/make -f &quot;/Users/aa/workspace/qtcreator/utility/Makefile&quot;  VERBOSE=1 clean"/>
					<DistClean command="/usr/bin/make -f &quot;/Users/aa/workspace/qtcreator/utility/Makefile&quot;  VERBOSE=1 clean"/>
				</MakeCommands>
			</Target>
			<Target title="utility_test">
				<Option output="/Users/aa/workspace/qtcreator/utility/bin/utility_test" prefix_auto="0" extension_auto="0"/>
				<Option working_dir="/Users/aa/workspace/qtcreator/utility/bin"/>
				<Option object_output="./"/>
				<Option type="1"/>
				<Option compiler="gcc"/>
				<Compiler>
					<Add directory="/Users/aa/workspace/qtcreator/utility/utility/source"/>
					<Add directory="/Users/aa/workspace/qtcreator/utility/utility/include"/>
					<Add directory="/usr/local/include"/>
				</Compiler>
				<MakeCommands>
					<Build command="/usr/bin/make -f &quot;/Users/aa/workspace/qtcreator/utility/Makefile&quot;  VERBOSE=1 utility_test"/>
					<CompileFile command="/usr/bin/make -f &quot;/Users/aa/workspace/qtcreator/utility/Makefile&quot;  VERBOSE=1 &quot;$file&quot;"/>
					<Clean command="/usr/bin/make -f &quot;/Users/aa/workspace/qtcreator/utility/Makefile&quot;  VERBOSE=1 clean"/>
					<DistClean command="/usr/bin/make -f &quot;/Users/aa/workspace/qtcreator/utility/Makefile&quot;  VERBOSE=1 clean"/>
				</MakeCommands>
			</Target>
			<Target title="utility_test/fast">
				<Option output="/Users/aa/workspace/qtcreator/utility/bin/utility_test" prefix_auto="0" extension_auto="0"/>
				<Option working_dir="/Users/aa/workspace/qtcreator/utility/bin"/>
				<Option object_output="./"/>
				<Option type="1"/>
				<Option compiler="gcc"/>
				<Compiler>
					<Add directory="/Users/aa/workspace/qtcreator/utility/utility/source"/>
					<Add directory="/Users/aa/workspace/qtcreator/utility/utility/include"/>
					<Add directory="/usr/local/include"/>
				</Compiler>
				<MakeCommands>
					<Build command="/usr/bin/make -f &quot;/Users/aa/workspace/qtcreator/utility/Makefile&quot;  VERBOSE=1 utility_test/fast"/>
					<CompileFile command="/usr/bin/make -f &quot;/Users/aa/workspace/qtcreator/utility/Makefile&quot;  VERBOSE=1 &quot;$file&quot;"/>
					<Clean command="/usr/bin/make -f &quot;/Users/aa/workspace/qtcreator/utility/Makefile&quot;  VERBOSE=1 clean"/>
					<DistClean command="/usr/bin/make -f &quot;/Users/aa/workspace/qtcreator/utility/Makefile&quot;  VERBOSE=1 clean"/>
				</MakeCommands>
			</Target>
			<Target title="utility">
				<Option output="/Users/aa/workspace/qtcreator/utility/obj/libutility.a" prefix_auto="0" extension_auto="0"/>
				<Option working_dir="/Users/aa/workspace/qtcreator/utility"/>
				<Option object_output="./"/>
				<Option type="2"/>
				<Option compiler="gcc"/>
				<Compiler>
					<Add directory="/Users/aa/workspace/qtcreator/utility/utility/source"/>
					<Add directory="/Users/aa/workspace/qtcreator/utility/utility/include"/>
					<Add directory="/usr/local/include"/>
				</Compiler>
				<MakeCommands>
					<Build command="/usr/bin/make -f &quot;/Users/aa/workspace/qtcreator/utility/Makefile&quot;  VERBOSE=1 utility"/>
					<CompileFile command="/usr/bin/make -f &quot;/Users/aa/workspace/qtcreator/utility/Makefile&quot;  VERBOSE=1 &quot;$file&quot;"/>
					<Clean command="/usr/bin/make -f &quot;/Users/aa/workspace/qtcreator/utility/Makefile&quot;  VERBOSE=1 clean"/>
					<DistClean command="/usr/bin/make -f &quot;/Users/aa/workspace/qtcreator/utility/Makefile&quot;  VERBOSE=1 clean"/>
				</MakeCommands>
			</Target>
			<Target title="utility/fast">
				<Option output="/Users/aa/workspace/qtcreator/utility/obj/libutility.a" prefix_auto="0" extension_auto="0"/>
				<Option working_dir="/Users/aa/workspace/qtcreator/utility"/>
				<Option object_output="./"/>
				<Option type="2"/>
				<Option compiler="gcc"/>
				<Compiler>
					<Add directory="/Users/aa/workspace/qtcreator/utility/utility/source"/>
					<Add directory="/Users/aa/workspace/qtcreator/utility/utility/include"/>
					<Add directory="/usr/local/include"/>
				</Compiler>
				<MakeCommands>
					<Build command="/usr/bin/make -f &quot;/Users/aa/workspace/qtcreator/utility/Makefile&quot;  VERBOSE=1 utility/fast"/>
					<CompileFile command="/usr/bin/make -f &quot;/Users/aa/workspace/qtcreator/utility/Makefile&quot;  VERBOSE=1 &quot;$file&quot;"/>
					<Clean command="/usr/bin/make -f &quot;/Users/aa/workspace/qtcreator/utility/Makefile&quot;  VERBOSE=1 clean"/>
					<DistClean command="/usr/bin/make -f &quot;/Users/aa/workspace/qtcreator/utility/Makefile&quot;  VERBOSE=1 clean"/>
				</MakeCommands>
			</Target>
		</Build>
		<Unit filename="/Users/aa/workspace/qtcreator/utility/utility/source/utility/convertion/convert.h">
			<Option target="utility"/>
		</Unit>
		<Unit filename="/Users/aa/workspace/qtcreator/utility/utility/source/utility/convertion/implementation/convert.cpp">
			<Option target="utility"/>
		</Unit>
		<Unit filename="/Users/aa/workspace/qtcreator/utility/utility/source/utility/convertion/implementation/convert.h">
			<Option target="utility"/>
		</Unit>
		<Unit filename="/Users/aa/workspace/qtcreator/utility/utility/source/utility/convertion/implementation/platform/linux/convert.cpp">
			<Option target="utility"/>
		</Unit>
		<Unit filename="/Users/aa/workspace/qtcreator/utility/utility/source/utility/convertion/implementation/platform/linux/convert.h">
			<Option target="utility"/>
		</Unit>
		<Unit filename="/Users/aa/workspace/qtcreator/utility/utility/source/utility/convertion/implementation/platform/macos/convert.h">
			<Option target="utility"/>
		</Unit>
		<Unit filename="/Users/aa/workspace/qtcreator/utility/utility/source/utility/convertion/implementation/platform/windows/convert.cpp">
			<Option target="utility"/>
		</Unit>
		<Unit filename="/Users/aa/workspace/qtcreator/utility/utility/source/utility/convertion/implementation/platform/windows/convert.h">
			<Option target="utility"/>
		</Unit>
		<Unit filename="/Users/aa/workspace/qtcreator/utility/utility/source/utility/networking/address.cpp">
			<Option target="utility"/>
		</Unit>
		<Unit filename="/Users/aa/workspace/qtcreator/utility/utility/source/utility/networking/address.h">
			<Option target="utility"/>
		</Unit>
		<Unit filename="/Users/aa/workspace/qtcreator/utility/utility/source/utility/networking/server/socket/implementation/socket.cpp">
			<Option target="utility"/>
		</Unit>
		<Unit filename="/Users/aa/workspace/qtcreator/utility/utility/source/utility/networking/server/socket/implementation/socket.h">
			<Option target="utility"/>
		</Unit>
		<Unit filename="/Users/aa/workspace/qtcreator/utility/utility/source/utility/networking/server/socket/socket.h">
			<Option target="utility"/>
		</Unit>
		<Unit filename="/Users/aa/workspace/qtcreator/utility/utility/source/utility/pasring/node.h">
			<Option target="utility"/>
		</Unit>
		<Unit filename="/Users/aa/workspace/qtcreator/utility/utility/source/utility/pattern/initializable.h">
			<Option target="utility"/>
		</Unit>
		<Unit filename="/Users/aa/workspace/qtcreator/utility/utility/source/utility/pattern/non_copyable.h">
			<Option target="utility"/>
		</Unit>
		<Unit filename="/Users/aa/workspace/qtcreator/utility/utility/source/utility/pattern/non_movable.h">
			<Option target="utility"/>
		</Unit>
		<Unit filename="/Users/aa/workspace/qtcreator/utility/utility/source/utility/pattern/singleton.h">
			<Option target="utility"/>
		</Unit>
		<Unit filename="/Users/aa/workspace/qtcreator/utility/utility/source/utility/platform.h">
			<Option target="utility"/>
		</Unit>
		<Unit filename="/Users/aa/workspace/qtcreator/utility/utility/source/utility/smart_ptr.h">
			<Option target="utility"/>
		</Unit>
		<Unit filename="/Users/aa/workspace/qtcreator/utility/utility/source/utility/system/terminator.cpp">
			<Option target="utility"/>
		</Unit>
		<Unit filename="/Users/aa/workspace/qtcreator/utility/utility/source/utility/system/terminator.h">
			<Option target="utility"/>
		</Unit>
		<Unit filename="/Users/aa/workspace/qtcreator/utility/utility/source/utility/threading/implementation/condition.cpp">
			<Option target="utility"/>
		</Unit>
		<Unit filename="/Users/aa/workspace/qtcreator/utility/utility/source/utility/threading/implementation/condition.h">
			<Option target="utility"/>
		</Unit>
		<Unit filename="/Users/aa/workspace/qtcreator/utility/utility/source/utility/threading/implementation/mutex.cpp">
			<Option target="utility"/>
		</Unit>
		<Unit filename="/Users/aa/workspace/qtcreator/utility/utility/source/utility/threading/implementation/mutex.h">
			<Option target="utility"/>
		</Unit>
		<Unit filename="/Users/aa/workspace/qtcreator/utility/utility/source/utility/threading/implementation/timed_mutex.cpp">
			<Option target="utility"/>
		</Unit>
		<Unit filename="/Users/aa/workspace/qtcreator/utility/utility/source/utility/threading/implementation/timed_mutex.h">
			<Option target="utility"/>
		</Unit>
		<Unit filename="/Users/aa/workspace/qtcreator/utility/utility/source/utility/threading/mutex.h">
			<Option target="utility"/>
		</Unit>
		<Unit filename="/Users/aa/workspace/qtcreator/utility/utility/source/utility/threading/thread.h">
			<Option target="utility"/>
		</Unit>
		<Unit filename="/Users/aa/workspace/qtcreator/utility/utility/source/utility/threading/worker.h">
			<Option target="utility"/>
		</Unit>
		<Unit filename="/Users/aa/workspace/qtcreator/utility/utility_test/source/utility/convertion/convert_test.cpp">
			<Option target="utility_test"/>
		</Unit>
		<Unit filename="/Users/aa/workspace/qtcreator/utility/utility_test/source/utility/networking/server/socket/socket-test.cpp">
			<Option target="utility_test"/>
		</Unit>
		<Unit filename="/Users/aa/workspace/qtcreator/utility/CMakeLists.txt">
			<Option virtualFolder="CMake Files\"/>
		</Unit>
	</Project>
</CodeBlocks_project_file>
