<?xml version="1.0" encoding="UTF-8"?>
<CodeBlocks_project_file>
	<FileVersion major="1" minor="6"/>
	<Project>
		<Option title="utility"/>
		<Option makefile_is_custom="1"/>
		<Option compiler="gcc"/>
		<Option virtualFolders="CMake Files\;"/>
		<Build>
			<Target title="all">
				<Option working_dir="/Users/volodja/workspace/qtcreator/utility"/>
				<Option type="4"/>
				<MakeCommands>
					<Build command="/usr/bin/make -j4 -f &quot;/Users/volodja/workspace/qtcreator/utility/Makefile&quot;  VERBOSE=1 all"/>
					<CompileFile command="/usr/bin/make -j4 -f &quot;/Users/volodja/workspace/qtcreator/utility/Makefile&quot;  VERBOSE=1 &quot;$file&quot;"/>
					<Clean command="/usr/bin/make -j4 -f &quot;/Users/volodja/workspace/qtcreator/utility/Makefile&quot;  VERBOSE=1 clean"/>
					<DistClean command="/usr/bin/make -j4 -f &quot;/Users/volodja/workspace/qtcreator/utility/Makefile&quot;  VERBOSE=1 clean"/>
				</MakeCommands>
			</Target>
			<Target title="rebuild_cache">
				<Option working_dir="/Users/volodja/workspace/qtcreator/utility"/>
				<Option type="4"/>
				<MakeCommands>
					<Build command="/usr/bin/make -j4 -f &quot;/Users/volodja/workspace/qtcreator/utility/Makefile&quot;  VERBOSE=1 rebuild_cache"/>
					<CompileFile command="/usr/bin/make -j4 -f &quot;/Users/volodja/workspace/qtcreator/utility/Makefile&quot;  VERBOSE=1 &quot;$file&quot;"/>
					<Clean command="/usr/bin/make -j4 -f &quot;/Users/volodja/workspace/qtcreator/utility/Makefile&quot;  VERBOSE=1 clean"/>
					<DistClean command="/usr/bin/make -j4 -f &quot;/Users/volodja/workspace/qtcreator/utility/Makefile&quot;  VERBOSE=1 clean"/>
				</MakeCommands>
			</Target>
			<Target title="edit_cache">
				<Option working_dir="/Users/volodja/workspace/qtcreator/utility"/>
				<Option type="4"/>
				<MakeCommands>
					<Build command="/usr/bin/make -j4 -f &quot;/Users/volodja/workspace/qtcreator/utility/Makefile&quot;  VERBOSE=1 edit_cache"/>
					<CompileFile command="/usr/bin/make -j4 -f &quot;/Users/volodja/workspace/qtcreator/utility/Makefile&quot;  VERBOSE=1 &quot;$file&quot;"/>
					<Clean command="/usr/bin/make -j4 -f &quot;/Users/volodja/workspace/qtcreator/utility/Makefile&quot;  VERBOSE=1 clean"/>
					<DistClean command="/usr/bin/make -j4 -f &quot;/Users/volodja/workspace/qtcreator/utility/Makefile&quot;  VERBOSE=1 clean"/>
				</MakeCommands>
			</Target>
			<Target title="test">
				<Option working_dir="/Users/volodja/workspace/qtcreator/utility"/>
				<Option type="4"/>
				<MakeCommands>
					<Build command="/usr/bin/make -j4 -f &quot;/Users/volodja/workspace/qtcreator/utility/Makefile&quot;  VERBOSE=1 test"/>
					<CompileFile command="/usr/bin/make -j4 -f &quot;/Users/volodja/workspace/qtcreator/utility/Makefile&quot;  VERBOSE=1 &quot;$file&quot;"/>
					<Clean command="/usr/bin/make -j4 -f &quot;/Users/volodja/workspace/qtcreator/utility/Makefile&quot;  VERBOSE=1 clean"/>
					<DistClean command="/usr/bin/make -j4 -f &quot;/Users/volodja/workspace/qtcreator/utility/Makefile&quot;  VERBOSE=1 clean"/>
				</MakeCommands>
			</Target>
			<Target title="utility_test">
				<Option output="/Users/volodja/workspace/qtcreator/utility/bin/utility_test" prefix_auto="0" extension_auto="0"/>
				<Option working_dir="/Users/volodja/workspace/qtcreator/utility/bin"/>
				<Option object_output="./"/>
				<Option type="1"/>
				<Option compiler="gcc"/>
				<Compiler>
					<Add directory="/Users/volodja/workspace/qtcreator/utility/source"/>
					<Add directory="/Users/volodja/workspace/qtcreator/utility/include"/>
					<Add directory="/usr/include/jsoncpp"/>
					<Add directory="/usr/local/include"/>
					<Add directory="/Users/volodja/workspace/qtcreator/utility/utility/source"/>
					<Add directory="/Applications/Xcode.app/Contents/Developer/Toolchains/XcodeDefault.xctoolchain/usr/bin/../include/c++/v1"/>
					<Add directory="/Applications/Xcode.app/Contents/Developer/Toolchains/XcodeDefault.xctoolchain/usr/bin/../lib/clang/8.1.0/include"/>
					<Add directory="/Applications/Xcode.app/Contents/Developer/Toolchains/XcodeDefault.xctoolchain/usr/include"/>
					<Add directory="/usr/include"/>
					<Add directory="/System/Library/Frameworks"/>
					<Add directory="/Library/Frameworks"/>
				</Compiler>
				<MakeCommands>
					<Build command="/usr/bin/make -j4 -f &quot;/Users/volodja/workspace/qtcreator/utility/Makefile&quot;  VERBOSE=1 utility_test"/>
					<CompileFile command="/usr/bin/make -j4 -f &quot;/Users/volodja/workspace/qtcreator/utility/Makefile&quot;  VERBOSE=1 &quot;$file&quot;"/>
					<Clean command="/usr/bin/make -j4 -f &quot;/Users/volodja/workspace/qtcreator/utility/Makefile&quot;  VERBOSE=1 clean"/>
					<DistClean command="/usr/bin/make -j4 -f &quot;/Users/volodja/workspace/qtcreator/utility/Makefile&quot;  VERBOSE=1 clean"/>
				</MakeCommands>
			</Target>
			<Target title="utility_test/fast">
				<Option output="/Users/volodja/workspace/qtcreator/utility/bin/utility_test" prefix_auto="0" extension_auto="0"/>
				<Option working_dir="/Users/volodja/workspace/qtcreator/utility/bin"/>
				<Option object_output="./"/>
				<Option type="1"/>
				<Option compiler="gcc"/>
				<Compiler>
					<Add directory="/Users/volodja/workspace/qtcreator/utility/source"/>
					<Add directory="/Users/volodja/workspace/qtcreator/utility/include"/>
					<Add directory="/usr/include/jsoncpp"/>
					<Add directory="/usr/local/include"/>
					<Add directory="/Users/volodja/workspace/qtcreator/utility/utility/source"/>
					<Add directory="/Applications/Xcode.app/Contents/Developer/Toolchains/XcodeDefault.xctoolchain/usr/bin/../include/c++/v1"/>
					<Add directory="/Applications/Xcode.app/Contents/Developer/Toolchains/XcodeDefault.xctoolchain/usr/bin/../lib/clang/8.1.0/include"/>
					<Add directory="/Applications/Xcode.app/Contents/Developer/Toolchains/XcodeDefault.xctoolchain/usr/include"/>
					<Add directory="/usr/include"/>
					<Add directory="/System/Library/Frameworks"/>
					<Add directory="/Library/Frameworks"/>
				</Compiler>
				<MakeCommands>
					<Build command="/usr/bin/make -j4 -f &quot;/Users/volodja/workspace/qtcreator/utility/Makefile&quot;  VERBOSE=1 utility_test/fast"/>
					<CompileFile command="/usr/bin/make -j4 -f &quot;/Users/volodja/workspace/qtcreator/utility/Makefile&quot;  VERBOSE=1 &quot;$file&quot;"/>
					<Clean command="/usr/bin/make -j4 -f &quot;/Users/volodja/workspace/qtcreator/utility/Makefile&quot;  VERBOSE=1 clean"/>
					<DistClean command="/usr/bin/make -j4 -f &quot;/Users/volodja/workspace/qtcreator/utility/Makefile&quot;  VERBOSE=1 clean"/>
				</MakeCommands>
			</Target>
			<Target title="utility">
				<Option output="/Users/volodja/workspace/qtcreator/utility/obj/libutility.a" prefix_auto="0" extension_auto="0"/>
				<Option working_dir="/Users/volodja/workspace/qtcreator/utility"/>
				<Option object_output="./"/>
				<Option type="2"/>
				<Option compiler="gcc"/>
				<Compiler>
					<Add directory="/Users/volodja/workspace/qtcreator/utility/source"/>
					<Add directory="/Users/volodja/workspace/qtcreator/utility/include"/>
					<Add directory="/usr/include/jsoncpp"/>
					<Add directory="/usr/local/include"/>
					<Add directory="/Users/volodja/workspace/qtcreator/utility/utility/source"/>
					<Add directory="/Applications/Xcode.app/Contents/Developer/Toolchains/XcodeDefault.xctoolchain/usr/bin/../include/c++/v1"/>
					<Add directory="/Applications/Xcode.app/Contents/Developer/Toolchains/XcodeDefault.xctoolchain/usr/bin/../lib/clang/8.1.0/include"/>
					<Add directory="/Applications/Xcode.app/Contents/Developer/Toolchains/XcodeDefault.xctoolchain/usr/include"/>
					<Add directory="/usr/include"/>
					<Add directory="/System/Library/Frameworks"/>
					<Add directory="/Library/Frameworks"/>
				</Compiler>
				<MakeCommands>
					<Build command="/usr/bin/make -j4 -f &quot;/Users/volodja/workspace/qtcreator/utility/Makefile&quot;  VERBOSE=1 utility"/>
					<CompileFile command="/usr/bin/make -j4 -f &quot;/Users/volodja/workspace/qtcreator/utility/Makefile&quot;  VERBOSE=1 &quot;$file&quot;"/>
					<Clean command="/usr/bin/make -j4 -f &quot;/Users/volodja/workspace/qtcreator/utility/Makefile&quot;  VERBOSE=1 clean"/>
					<DistClean command="/usr/bin/make -j4 -f &quot;/Users/volodja/workspace/qtcreator/utility/Makefile&quot;  VERBOSE=1 clean"/>
				</MakeCommands>
			</Target>
			<Target title="utility/fast">
				<Option output="/Users/volodja/workspace/qtcreator/utility/obj/libutility.a" prefix_auto="0" extension_auto="0"/>
				<Option working_dir="/Users/volodja/workspace/qtcreator/utility"/>
				<Option object_output="./"/>
				<Option type="2"/>
				<Option compiler="gcc"/>
				<Compiler>
					<Add directory="/Users/volodja/workspace/qtcreator/utility/source"/>
					<Add directory="/Users/volodja/workspace/qtcreator/utility/include"/>
					<Add directory="/usr/include/jsoncpp"/>
					<Add directory="/usr/local/include"/>
					<Add directory="/Users/volodja/workspace/qtcreator/utility/utility/source"/>
					<Add directory="/Applications/Xcode.app/Contents/Developer/Toolchains/XcodeDefault.xctoolchain/usr/bin/../include/c++/v1"/>
					<Add directory="/Applications/Xcode.app/Contents/Developer/Toolchains/XcodeDefault.xctoolchain/usr/bin/../lib/clang/8.1.0/include"/>
					<Add directory="/Applications/Xcode.app/Contents/Developer/Toolchains/XcodeDefault.xctoolchain/usr/include"/>
					<Add directory="/usr/include"/>
					<Add directory="/System/Library/Frameworks"/>
					<Add directory="/Library/Frameworks"/>
				</Compiler>
				<MakeCommands>
					<Build command="/usr/bin/make -j4 -f &quot;/Users/volodja/workspace/qtcreator/utility/Makefile&quot;  VERBOSE=1 utility/fast"/>
					<CompileFile command="/usr/bin/make -j4 -f &quot;/Users/volodja/workspace/qtcreator/utility/Makefile&quot;  VERBOSE=1 &quot;$file&quot;"/>
					<Clean command="/usr/bin/make -j4 -f &quot;/Users/volodja/workspace/qtcreator/utility/Makefile&quot;  VERBOSE=1 clean"/>
					<DistClean command="/usr/bin/make -j4 -f &quot;/Users/volodja/workspace/qtcreator/utility/Makefile&quot;  VERBOSE=1 clean"/>
				</MakeCommands>
			</Target>
		</Build>
		<Unit filename="/Users/volodja/workspace/qtcreator/utility/source/utility/assert.h">
			<Option target="utility"/>
		</Unit>
		<Unit filename="/Users/volodja/workspace/qtcreator/utility/source/utility/build_flags.h">
			<Option target="utility"/>
		</Unit>
		<Unit filename="/Users/volodja/workspace/qtcreator/utility/source/utility/caching/cached_value.h">
			<Option target="utility"/>
		</Unit>
		<Unit filename="/Users/volodja/workspace/qtcreator/utility/source/utility/caching/lazy_cacher.h">
			<Option target="utility"/>
		</Unit>
		<Unit filename="/Users/volodja/workspace/qtcreator/utility/source/utility/convertion/convert.h">
			<Option target="utility"/>
		</Unit>
		<Unit filename="/Users/volodja/workspace/qtcreator/utility/source/utility/convertion/implementation/convert.cpp">
			<Option target="utility"/>
		</Unit>
		<Unit filename="/Users/volodja/workspace/qtcreator/utility/source/utility/convertion/implementation/convert.h">
			<Option target="utility"/>
		</Unit>
		<Unit filename="/Users/volodja/workspace/qtcreator/utility/source/utility/convertion/implementation/platform/freebsd/convert.h">
			<Option target="utility"/>
		</Unit>
		<Unit filename="/Users/volodja/workspace/qtcreator/utility/source/utility/convertion/implementation/platform/linux/convert.h">
			<Option target="utility"/>
		</Unit>
		<Unit filename="/Users/volodja/workspace/qtcreator/utility/source/utility/convertion/implementation/platform/linux/convert_.cpp">
			<Option target="utility"/>
		</Unit>
		<Unit filename="/Users/volodja/workspace/qtcreator/utility/source/utility/convertion/implementation/platform/macos/convert.h">
			<Option target="utility"/>
		</Unit>
		<Unit filename="/Users/volodja/workspace/qtcreator/utility/source/utility/convertion/implementation/platform/windows/convert.h">
			<Option target="utility"/>
		</Unit>
		<Unit filename="/Users/volodja/workspace/qtcreator/utility/source/utility/convertion/implementation/platform/windows/convert__.cpp">
			<Option target="utility"/>
		</Unit>
		<Unit filename="/Users/volodja/workspace/qtcreator/utility/source/utility/convertion/implementation/type_name.cpp">
			<Option target="utility"/>
		</Unit>
		<Unit filename="/Users/volodja/workspace/qtcreator/utility/source/utility/convertion/implementation/type_name.h">
			<Option target="utility"/>
		</Unit>
		<Unit filename="/Users/volodja/workspace/qtcreator/utility/source/utility/convertion/type_name.h">
			<Option target="utility"/>
		</Unit>
		<Unit filename="/Users/volodja/workspace/qtcreator/utility/source/utility/db/config.cpp">
			<Option target="utility"/>
		</Unit>
		<Unit filename="/Users/volodja/workspace/qtcreator/utility/source/utility/db/config.h">
			<Option target="utility"/>
		</Unit>
		<Unit filename="/Users/volodja/workspace/qtcreator/utility/source/utility/db/connector.cpp">
			<Option target="utility"/>
		</Unit>
		<Unit filename="/Users/volodja/workspace/qtcreator/utility/source/utility/db/connector.h">
			<Option target="utility"/>
		</Unit>
		<Unit filename="/Users/volodja/workspace/qtcreator/utility/source/utility/db/implementation/connector.h">
			<Option target="utility"/>
		</Unit>
		<Unit filename="/Users/volodja/workspace/qtcreator/utility/source/utility/db/implementation/connector_.cpp">
			<Option target="utility"/>
		</Unit>
		<Unit filename="/Users/volodja/workspace/qtcreator/utility/source/utility/db/implementation/mysql_connector.cpp">
			<Option target="utility"/>
		</Unit>
		<Unit filename="/Users/volodja/workspace/qtcreator/utility/source/utility/db/implementation/mysql_connector.h">
			<Option target="utility"/>
		</Unit>
		<Unit filename="/Users/volodja/workspace/qtcreator/utility/source/utility/db/implementation/postgres_connector.h">
			<Option target="utility"/>
		</Unit>
		<Unit filename="/Users/volodja/workspace/qtcreator/utility/source/utility/enum.h">
			<Option target="utility"/>
		</Unit>
		<Unit filename="/Users/volodja/workspace/qtcreator/utility/source/utility/fs/cache.h">
			<Option target="utility"/>
		</Unit>
		<Unit filename="/Users/volodja/workspace/qtcreator/utility/source/utility/fs/file_value.h">
			<Option target="utility"/>
		</Unit>
		<Unit filename="/Users/volodja/workspace/qtcreator/utility/source/utility/fs/files.cpp">
			<Option target="utility"/>
		</Unit>
		<Unit filename="/Users/volodja/workspace/qtcreator/utility/source/utility/fs/files.h">
			<Option target="utility"/>
		</Unit>
		<Unit filename="/Users/volodja/workspace/qtcreator/utility/source/utility/fs/implementation/fast_text_writer.cpp">
			<Option target="utility"/>
		</Unit>
		<Unit filename="/Users/volodja/workspace/qtcreator/utility/source/utility/fs/implementation/fast_text_writer.h">
			<Option target="utility"/>
		</Unit>
		<Unit filename="/Users/volodja/workspace/qtcreator/utility/source/utility/fs/implementation/file_cache.cpp">
			<Option target="utility"/>
		</Unit>
		<Unit filename="/Users/volodja/workspace/qtcreator/utility/source/utility/fs/implementation/file_cache.h">
			<Option target="utility"/>
		</Unit>
		<Unit filename="/Users/volodja/workspace/qtcreator/utility/source/utility/fs/text_writer.h">
			<Option target="utility"/>
		</Unit>
		<Unit filename="/Users/volodja/workspace/qtcreator/utility/source/utility/logging/channel.h">
			<Option target="utility"/>
		</Unit>
		<Unit filename="/Users/volodja/workspace/qtcreator/utility/source/utility/logging/config.h">
			<Option target="utility"/>
		</Unit>
		<Unit filename="/Users/volodja/workspace/qtcreator/utility/source/utility/logging/event.cpp">
			<Option target="utility"/>
		</Unit>
		<Unit filename="/Users/volodja/workspace/qtcreator/utility/source/utility/logging/event.h">
			<Option target="utility"/>
		</Unit>
		<Unit filename="/Users/volodja/workspace/qtcreator/utility/source/utility/logging/implementation/channel.cpp">
			<Option target="utility"/>
		</Unit>
		<Unit filename="/Users/volodja/workspace/qtcreator/utility/source/utility/logging/implementation/channel.h">
			<Option target="utility"/>
		</Unit>
		<Unit filename="/Users/volodja/workspace/qtcreator/utility/source/utility/logging/implementation/sink.cpp">
			<Option target="utility"/>
		</Unit>
		<Unit filename="/Users/volodja/workspace/qtcreator/utility/source/utility/logging/implementation/sink.h">
			<Option target="utility"/>
		</Unit>
		<Unit filename="/Users/volodja/workspace/qtcreator/utility/source/utility/logging/implementation/sink_console.cpp">
			<Option target="utility"/>
		</Unit>
		<Unit filename="/Users/volodja/workspace/qtcreator/utility/source/utility/logging/implementation/sink_console.h">
			<Option target="utility"/>
		</Unit>
		<Unit filename="/Users/volodja/workspace/qtcreator/utility/source/utility/logging/implementation/sink_file.cpp">
			<Option target="utility"/>
		</Unit>
		<Unit filename="/Users/volodja/workspace/qtcreator/utility/source/utility/logging/implementation/sink_file.h">
			<Option target="utility"/>
		</Unit>
		<Unit filename="/Users/volodja/workspace/qtcreator/utility/source/utility/logging/logger.cpp">
			<Option target="utility"/>
		</Unit>
		<Unit filename="/Users/volodja/workspace/qtcreator/utility/source/utility/logging/logger.h">
			<Option target="utility"/>
		</Unit>
		<Unit filename="/Users/volodja/workspace/qtcreator/utility/source/utility/logging/sink.cpp">
			<Option target="utility"/>
		</Unit>
		<Unit filename="/Users/volodja/workspace/qtcreator/utility/source/utility/logging/sink.h">
			<Option target="utility"/>
		</Unit>
		<Unit filename="/Users/volodja/workspace/qtcreator/utility/source/utility/macros/disable_warnings.h">
			<Option target="utility"/>
		</Unit>
		<Unit filename="/Users/volodja/workspace/qtcreator/utility/source/utility/macros/enable_warnings.h">
			<Option target="utility"/>
		</Unit>
		<Unit filename="/Users/volodja/workspace/qtcreator/utility/source/utility/networking/client/implementation/socket.cpp">
			<Option target="utility"/>
		</Unit>
		<Unit filename="/Users/volodja/workspace/qtcreator/utility/source/utility/networking/client/implementation/socket.h">
			<Option target="utility"/>
		</Unit>
		<Unit filename="/Users/volodja/workspace/qtcreator/utility/source/utility/networking/client/socket.h">
			<Option target="utility"/>
		</Unit>
		<Unit filename="/Users/volodja/workspace/qtcreator/utility/source/utility/networking/implementation/platform/linux/socket.cpp">
			<Option target="utility"/>
		</Unit>
		<Unit filename="/Users/volodja/workspace/qtcreator/utility/source/utility/networking/implementation/platform/linux/socket.h">
			<Option target="utility"/>
		</Unit>
		<Unit filename="/Users/volodja/workspace/qtcreator/utility/source/utility/networking/implementation/platform/macos/socket.h">
			<Option target="utility"/>
		</Unit>
		<Unit filename="/Users/volodja/workspace/qtcreator/utility/source/utility/networking/implementation/platform/windows/socket.h">
			<Option target="utility"/>
		</Unit>
		<Unit filename="/Users/volodja/workspace/qtcreator/utility/source/utility/networking/implementation/platform/windows/socket_.cpp">
			<Option target="utility"/>
		</Unit>
		<Unit filename="/Users/volodja/workspace/qtcreator/utility/source/utility/networking/implementation/socket.h">
			<Option target="utility"/>
		</Unit>
		<Unit filename="/Users/volodja/workspace/qtcreator/utility/source/utility/networking/server/implementation/socket.cpp">
			<Option target="utility"/>
		</Unit>
		<Unit filename="/Users/volodja/workspace/qtcreator/utility/source/utility/networking/server/implementation/socket.h">
			<Option target="utility"/>
		</Unit>
		<Unit filename="/Users/volodja/workspace/qtcreator/utility/source/utility/networking/server/socket.h">
			<Option target="utility"/>
		</Unit>
		<Unit filename="/Users/volodja/workspace/qtcreator/utility/source/utility/networking/socket.h">
			<Option target="utility"/>
		</Unit>
		<Unit filename="/Users/volodja/workspace/qtcreator/utility/source/utility/networking/socket__.cpp">
			<Option target="utility"/>
		</Unit>
		<Unit filename="/Users/volodja/workspace/qtcreator/utility/source/utility/networking/url.cpp">
			<Option target="utility"/>
		</Unit>
		<Unit filename="/Users/volodja/workspace/qtcreator/utility/source/utility/networking/url.h">
			<Option target="utility"/>
		</Unit>
		<Unit filename="/Users/volodja/workspace/qtcreator/utility/source/utility/parsing/file_parser.cpp">
			<Option target="utility"/>
		</Unit>
		<Unit filename="/Users/volodja/workspace/qtcreator/utility/source/utility/parsing/file_parser.h">
			<Option target="utility"/>
		</Unit>
		<Unit filename="/Users/volodja/workspace/qtcreator/utility/source/utility/parsing/implementation/node.h">
			<Option target="utility"/>
		</Unit>
		<Unit filename="/Users/volodja/workspace/qtcreator/utility/source/utility/parsing/implementation/node_type.h">
			<Option target="utility"/>
		</Unit>
		<Unit filename="/Users/volodja/workspace/qtcreator/utility/source/utility/parsing/implementation/parser_json.cpp">
			<Option target="utility"/>
		</Unit>
		<Unit filename="/Users/volodja/workspace/qtcreator/utility/source/utility/parsing/implementation/parser_json.h">
			<Option target="utility"/>
		</Unit>
		<Unit filename="/Users/volodja/workspace/qtcreator/utility/source/utility/parsing/implementation/parser_xml.cpp">
			<Option target="utility"/>
		</Unit>
		<Unit filename="/Users/volodja/workspace/qtcreator/utility/source/utility/parsing/implementation/parser_xml.h">
			<Option target="utility"/>
		</Unit>
		<Unit filename="/Users/volodja/workspace/qtcreator/utility/source/utility/parsing/node.cpp">
			<Option target="utility"/>
		</Unit>
		<Unit filename="/Users/volodja/workspace/qtcreator/utility/source/utility/parsing/node.h">
			<Option target="utility"/>
		</Unit>
		<Unit filename="/Users/volodja/workspace/qtcreator/utility/source/utility/parsing/node_type.h">
			<Option target="utility"/>
		</Unit>
		<Unit filename="/Users/volodja/workspace/qtcreator/utility/source/utility/parsing/parser.h">
			<Option target="utility"/>
		</Unit>
		<Unit filename="/Users/volodja/workspace/qtcreator/utility/source/utility/parsing/serialization/node.cpp">
			<Option target="utility"/>
		</Unit>
		<Unit filename="/Users/volodja/workspace/qtcreator/utility/source/utility/parsing/serialization/node.h">
			<Option target="utility"/>
		</Unit>
		<Unit filename="/Users/volodja/workspace/qtcreator/utility/source/utility/pattern/broadcaster.h">
			<Option target="utility"/>
		</Unit>
		<Unit filename="/Users/volodja/workspace/qtcreator/utility/source/utility/pattern/initializable.h">
			<Option target="utility"/>
		</Unit>
		<Unit filename="/Users/volodja/workspace/qtcreator/utility/source/utility/pattern/non_copyable.h">
			<Option target="utility"/>
		</Unit>
		<Unit filename="/Users/volodja/workspace/qtcreator/utility/source/utility/pattern/non_movable.h">
			<Option target="utility"/>
		</Unit>
		<Unit filename="/Users/volodja/workspace/qtcreator/utility/source/utility/pattern/prototype.h">
			<Option target="utility"/>
		</Unit>
		<Unit filename="/Users/volodja/workspace/qtcreator/utility/source/utility/pattern/singleton.h">
			<Option target="utility"/>
		</Unit>
		<Unit filename="/Users/volodja/workspace/qtcreator/utility/source/utility/platform.h">
			<Option target="utility"/>
		</Unit>
		<Unit filename="/Users/volodja/workspace/qtcreator/utility/source/utility/smart_ptr.h">
			<Option target="utility"/>
		</Unit>
		<Unit filename="/Users/volodja/workspace/qtcreator/utility/source/utility/strings.cpp">
			<Option target="utility"/>
		</Unit>
		<Unit filename="/Users/volodja/workspace/qtcreator/utility/source/utility/strings.h">
			<Option target="utility"/>
		</Unit>
		<Unit filename="/Users/volodja/workspace/qtcreator/utility/source/utility/system/terminator.cpp">
			<Option target="utility"/>
		</Unit>
		<Unit filename="/Users/volodja/workspace/qtcreator/utility/source/utility/system/terminator.h">
			<Option target="utility"/>
		</Unit>
		<Unit filename="/Users/volodja/workspace/qtcreator/utility/source/utility/threading/async_queue.h">
			<Option target="utility"/>
		</Unit>
		<Unit filename="/Users/volodja/workspace/qtcreator/utility/source/utility/threading/condition.h">
			<Option target="utility"/>
		</Unit>
		<Unit filename="/Users/volodja/workspace/qtcreator/utility/source/utility/threading/implementation/async_queue.h">
			<Option target="utility"/>
		</Unit>
		<Unit filename="/Users/volodja/workspace/qtcreator/utility/source/utility/threading/implementation/condition.cpp">
			<Option target="utility"/>
		</Unit>
		<Unit filename="/Users/volodja/workspace/qtcreator/utility/source/utility/threading/implementation/condition.h">
			<Option target="utility"/>
		</Unit>
		<Unit filename="/Users/volodja/workspace/qtcreator/utility/source/utility/threading/implementation/mutex.cpp">
			<Option target="utility"/>
		</Unit>
		<Unit filename="/Users/volodja/workspace/qtcreator/utility/source/utility/threading/implementation/mutex.h">
			<Option target="utility"/>
		</Unit>
		<Unit filename="/Users/volodja/workspace/qtcreator/utility/source/utility/threading/implementation/runnuble.cpp">
			<Option target="utility"/>
		</Unit>
		<Unit filename="/Users/volodja/workspace/qtcreator/utility/source/utility/threading/implementation/runnuble.h">
			<Option target="utility"/>
		</Unit>
		<Unit filename="/Users/volodja/workspace/qtcreator/utility/source/utility/threading/implementation/thread.cpp">
			<Option target="utility"/>
		</Unit>
		<Unit filename="/Users/volodja/workspace/qtcreator/utility/source/utility/threading/implementation/thread.h">
			<Option target="utility"/>
		</Unit>
		<Unit filename="/Users/volodja/workspace/qtcreator/utility/source/utility/threading/implementation/thread_pool.cpp">
			<Option target="utility"/>
		</Unit>
		<Unit filename="/Users/volodja/workspace/qtcreator/utility/source/utility/threading/implementation/thread_pool.h">
			<Option target="utility"/>
		</Unit>
		<Unit filename="/Users/volodja/workspace/qtcreator/utility/source/utility/threading/implementation/timed_mutex.cpp">
			<Option target="utility"/>
		</Unit>
		<Unit filename="/Users/volodja/workspace/qtcreator/utility/source/utility/threading/implementation/timed_mutex.h">
			<Option target="utility"/>
		</Unit>
		<Unit filename="/Users/volodja/workspace/qtcreator/utility/source/utility/threading/implementation/worker.h">
			<Option target="utility"/>
		</Unit>
		<Unit filename="/Users/volodja/workspace/qtcreator/utility/source/utility/threading/mutex.h">
			<Option target="utility"/>
		</Unit>
		<Unit filename="/Users/volodja/workspace/qtcreator/utility/source/utility/threading/runnable.h">
			<Option target="utility"/>
		</Unit>
		<Unit filename="/Users/volodja/workspace/qtcreator/utility/source/utility/threading/synchronized_scope.cpp">
			<Option target="utility"/>
		</Unit>
		<Unit filename="/Users/volodja/workspace/qtcreator/utility/source/utility/threading/synchronized_scope.h">
			<Option target="utility"/>
		</Unit>
		<Unit filename="/Users/volodja/workspace/qtcreator/utility/source/utility/threading/thread.cpp">
			<Option target="utility"/>
		</Unit>
		<Unit filename="/Users/volodja/workspace/qtcreator/utility/source/utility/threading/thread.h">
			<Option target="utility"/>
		</Unit>
		<Unit filename="/Users/volodja/workspace/qtcreator/utility/source/utility/threading/thread_pool.h">
			<Option target="utility"/>
		</Unit>
		<Unit filename="/Users/volodja/workspace/qtcreator/utility/source/utility/threading/worker.h">
			<Option target="utility"/>
		</Unit>
		<Unit filename="/Users/volodja/workspace/qtcreator/utility/source/utility_test/convertion/test_convert.cpp">
			<Option target="utility_test"/>
		</Unit>
		<Unit filename="/Users/volodja/workspace/qtcreator/utility/source/utility_test/main.cpp">
			<Option target="utility_test"/>
		</Unit>
		<Unit filename="/Users/volodja/workspace/qtcreator/utility/source/utility_test/networking/server/socket/test_socket.cpp">
			<Option target="utility_test"/>
		</Unit>
		<Unit filename="/Users/volodja/workspace/qtcreator/utility/source/utility_test/networking/test_socket.cpp">
			<Option target="utility_test"/>
		</Unit>
		<Unit filename="/Users/volodja/workspace/qtcreator/utility/source/utility_test/networking/test_url.cpp">
			<Option target="utility_test"/>
		</Unit>
		<Unit filename="/Users/volodja/workspace/qtcreator/utility/source/utility_test/parsing/serialization/test_node.cpp">
			<Option target="utility_test"/>
		</Unit>
		<Unit filename="/Users/volodja/workspace/qtcreator/utility/source/utility_test/parsing/test_node.cpp">
			<Option target="utility_test"/>
		</Unit>
		<Unit filename="/Users/volodja/workspace/qtcreator/utility/source/utility_test/parsing/test_parsing.cpp">
			<Option target="utility_test"/>
		</Unit>
		<Unit filename="/Users/volodja/workspace/qtcreator/utility/source/utility_test/test_strings.cpp">
			<Option target="utility_test"/>
		</Unit>
		<Unit filename="/Users/volodja/workspace/qtcreator/utility/CMakeLists.txt">
			<Option virtualFolder="CMake Files\"/>
		</Unit>
	</Project>
</CodeBlocks_project_file>
