<?xml version="1.0" encoding="utf-8"?>
<Project ToolsVersion="4.0" xmlns="http://schemas.microsoft.com/developer/msbuild/2003">
  <ItemGroup>
    <Filter Include="Файлы исходного кода">
      <UniqueIdentifier>{4FC737F1-C7A5-4376-A066-2A32D752A2FF}</UniqueIdentifier>
      <Extensions>cpp;c;cc;cxx;def;odl;idl;hpj;bat;asm;asmx</Extensions>
    </Filter>
    <Filter Include="Заголовочные файлы">
      <UniqueIdentifier>{93995380-89BD-4b04-88EB-625FBE52EBFB}</UniqueIdentifier>
      <Extensions>h;hh;hpp;hxx;hm;inl;inc;xsd</Extensions>
    </Filter>
    <Filter Include="Файлы ресурсов">
      <UniqueIdentifier>{67DA6AB6-F800-4c08-8B7A-83BB121AAD01}</UniqueIdentifier>
      <Extensions>rc;ico;cur;bmp;dlg;rc2;rct;bin;rgs;gif;jpg;jpeg;jpe;resx;tiff;tif;png;wav;mfcribbon-ms</Extensions>
    </Filter>
  </ItemGroup>
  <ItemGroup>
    <ClInclude Include="convertion\implementation\platform\windows\convert.h">
      <Filter>Заголовочные файлы</Filter>
    </ClInclude>
    <ClInclude Include="convertion\implementation\convert.h">
      <Filter>Заголовочные файлы</Filter>
    </ClInclude>
    <ClInclude Include="convertion\implementation\type_name.h">
      <Filter>Заголовочные файлы</Filter>
    </ClInclude>
    <ClInclude Include="convertion\convert.h">
      <Filter>Заголовочные файлы</Filter>
    </ClInclude>
    <ClInclude Include="convertion\type_name.h">
      <Filter>Заголовочные файлы</Filter>
    </ClInclude>
    <ClInclude Include="db\implementation\connector.h">
      <Filter>Заголовочные файлы</Filter>
    </ClInclude>
    <ClInclude Include="db\implementation\mysql_connector.h">
      <Filter>Заголовочные файлы</Filter>
    </ClInclude>
    <ClInclude Include="db\implementation\postgresql_connector.h">
      <Filter>Заголовочные файлы</Filter>
    </ClInclude>
    <ClInclude Include="db\config.h">
      <Filter>Заголовочные файлы</Filter>
    </ClInclude>
    <ClInclude Include="db\connector.h">
      <Filter>Заголовочные файлы</Filter>
    </ClInclude>
    <ClInclude Include="encryption\implementation\openssl.h">
      <Filter>Заголовочные файлы</Filter>
    </ClInclude>
    <ClInclude Include="encryption\implementation\ssl.h">
      <Filter>Заголовочные файлы</Filter>
    </ClInclude>
    <ClInclude Include="encryption\keys.h">
      <Filter>Заголовочные файлы</Filter>
    </ClInclude>
    <ClInclude Include="encryption\ssl.h">
      <Filter>Заголовочные файлы</Filter>
    </ClInclude>
    <ClInclude Include="fs\implementation\fast_text_writer.h">
      <Filter>Заголовочные файлы</Filter>
    </ClInclude>
    <ClInclude Include="fs\implementation\file_cache.h">
      <Filter>Заголовочные файлы</Filter>
    </ClInclude>
    <ClInclude Include="fs\cache.h">
      <Filter>Заголовочные файлы</Filter>
    </ClInclude>
    <ClInclude Include="fs\file_value.h">
      <Filter>Заголовочные файлы</Filter>
    </ClInclude>
    <ClInclude Include="fs\files.h">
      <Filter>Заголовочные файлы</Filter>
    </ClInclude>
    <ClInclude Include="fs\text_writer.h">
      <Filter>Заголовочные файлы</Filter>
    </ClInclude>
    <ClInclude Include="logging\implementation\channel.h">
      <Filter>Заголовочные файлы</Filter>
    </ClInclude>
    <ClInclude Include="logging\implementation\sink.h">
      <Filter>Заголовочные файлы</Filter>
    </ClInclude>
    <ClInclude Include="logging\implementation\sink_console.h">
      <Filter>Заголовочные файлы</Filter>
    </ClInclude>
    <ClInclude Include="logging\implementation\sink_file.h">
      <Filter>Заголовочные файлы</Filter>
    </ClInclude>
    <ClInclude Include="logging\channel.h">
      <Filter>Заголовочные файлы</Filter>
    </ClInclude>
    <ClInclude Include="logging\config.h">
      <Filter>Заголовочные файлы</Filter>
    </ClInclude>
    <ClInclude Include="logging\event.h">
      <Filter>Заголовочные файлы</Filter>
    </ClInclude>
    <ClInclude Include="logging\logger.h">
      <Filter>Заголовочные файлы</Filter>
    </ClInclude>
    <ClInclude Include="logging\sink.h">
      <Filter>Заголовочные файлы</Filter>
    </ClInclude>
    <ClInclude Include="macros\disable_warnings.h">
      <Filter>Заголовочные файлы</Filter>
    </ClInclude>
    <ClInclude Include="macros\enable_warnings.h">
      <Filter>Заголовочные файлы</Filter>
    </ClInclude>
    <ClInclude Include="networking\client\implementation\socket.h">
      <Filter>Заголовочные файлы</Filter>
    </ClInclude>
    <ClInclude Include="networking\client\socket.h">
      <Filter>Заголовочные файлы</Filter>
    </ClInclude>
    <ClInclude Include="networking\implementation\platform\windows\socket.h">
      <Filter>Заголовочные файлы</Filter>
    </ClInclude>
    <ClInclude Include="networking\implementation\dns.h">
      <Filter>Заголовочные файлы</Filter>
    </ClInclude>
    <ClInclude Include="networking\implementation\socket.h">
      <Filter>Заголовочные файлы</Filter>
    </ClInclude>
    <ClInclude Include="networking\implementation\socket_handler.h">
      <Filter>Заголовочные файлы</Filter>
    </ClInclude>
    <ClInclude Include="networking\server\implementation\http.h">
      <Filter>Заголовочные файлы</Filter>
    </ClInclude>
    <ClInclude Include="networking\server\implementation\socket.h">
      <Filter>Заголовочные файлы</Filter>
    </ClInclude>
    <ClInclude Include="networking\server\socket.h">
      <Filter>Заголовочные файлы</Filter>
    </ClInclude>
    <ClInclude Include="networking\dns.h">
      <Filter>Заголовочные файлы</Filter>
    </ClInclude>
    <ClInclude Include="networking\socket.h">
      <Filter>Заголовочные файлы</Filter>
    </ClInclude>
    <ClInclude Include="networking\socket_handler.h">
      <Filter>Заголовочные файлы</Filter>
    </ClInclude>
    <ClInclude Include="networking\types.h">
      <Filter>Заголовочные файлы</Filter>
    </ClInclude>
    <ClInclude Include="networking\url.h">
      <Filter>Заголовочные файлы</Filter>
    </ClInclude>
    <ClInclude Include="parsing\implementation\node.h">
      <Filter>Заголовочные файлы</Filter>
    </ClInclude>
    <ClInclude Include="parsing\implementation\node_type.h">
      <Filter>Заголовочные файлы</Filter>
    </ClInclude>
    <ClInclude Include="parsing\implementation\parser_http.h">
      <Filter>Заголовочные файлы</Filter>
    </ClInclude>
    <ClInclude Include="parsing\implementation\parser_json.h">
      <Filter>Заголовочные файлы</Filter>
    </ClInclude>
    <ClInclude Include="parsing\implementation\parser_xml.h">
      <Filter>Заголовочные файлы</Filter>
    </ClInclude>
    <ClInclude Include="parsing\serialization\node.h">
      <Filter>Заголовочные файлы</Filter>
    </ClInclude>
    <ClInclude Include="parsing\file_parser.h">
      <Filter>Заголовочные файлы</Filter>
    </ClInclude>
    <ClInclude Include="parsing\node.h">
      <Filter>Заголовочные файлы</Filter>
    </ClInclude>
    <ClInclude Include="parsing\node_type.h">
      <Filter>Заголовочные файлы</Filter>
    </ClInclude>
    <ClInclude Include="parsing\parser.h">
      <Filter>Заголовочные файлы</Filter>
    </ClInclude>
    <ClInclude Include="pattern\implementation\fsm_map.h">
      <Filter>Заголовочные файлы</Filter>
    </ClInclude>
    <ClInclude Include="pattern\broadcaster.h">
      <Filter>Заголовочные файлы</Filter>
    </ClInclude>
    <ClInclude Include="pattern\fsm.h">
      <Filter>Заголовочные файлы</Filter>
    </ClInclude>
    <ClInclude Include="pattern\initializable.h">
      <Filter>Заголовочные файлы</Filter>
    </ClInclude>
    <ClInclude Include="pattern\non_copyable.h">
      <Filter>Заголовочные файлы</Filter>
    </ClInclude>
    <ClInclude Include="pattern\non_movable.h">
      <Filter>Заголовочные файлы</Filter>
    </ClInclude>
    <ClInclude Include="pattern\prototype.h">
      <Filter>Заголовочные файлы</Filter>
    </ClInclude>
    <ClInclude Include="pattern\singleton.h">
      <Filter>Заголовочные файлы</Filter>
    </ClInclude>
    <ClInclude Include="protocol\http\implementation\mime.h">
      <Filter>Заголовочные файлы</Filter>
    </ClInclude>
    <ClInclude Include="protocol\http\implementation\protocol.h">
      <Filter>Заголовочные файлы</Filter>
    </ClInclude>
    <ClInclude Include="protocol\http\implementation\uri_fs_mapper.h">
      <Filter>Заголовочные файлы</Filter>
    </ClInclude>
    <ClInclude Include="protocol\http\http.h">
      <Filter>Заголовочные файлы</Filter>
    </ClInclude>
    <ClInclude Include="protocol\http\method.h">
      <Filter>Заголовочные файлы</Filter>
    </ClInclude>
    <ClInclude Include="protocol\http\request.h">
      <Filter>Заголовочные файлы</Filter>
    </ClInclude>
    <ClInclude Include="protocol\http\response.h">
      <Filter>Заголовочные файлы</Filter>
    </ClInclude>
    <ClInclude Include="protocol\implementation\packet.h">
      <Filter>Заголовочные файлы</Filter>
    </ClInclude>
    <ClInclude Include="protocol\packet.h">
      <Filter>Заголовочные файлы</Filter>
    </ClInclude>
    <ClInclude Include="protocol\protocol.h">
      <Filter>Заголовочные файлы</Filter>
    </ClInclude>
    <ClInclude Include="system\terminator.h">
      <Filter>Заголовочные файлы</Filter>
    </ClInclude>
    <ClInclude Include="threading\implementation\async_queue.h">
      <Filter>Заголовочные файлы</Filter>
    </ClInclude>
    <ClInclude Include="threading\implementation\base_mutex.h">
      <Filter>Заголовочные файлы</Filter>
    </ClInclude>
    <ClInclude Include="threading\implementation\condition.h">
      <Filter>Заголовочные файлы</Filter>
    </ClInclude>
    <ClInclude Include="threading\implementation\mutex.h">
      <Filter>Заголовочные файлы</Filter>
    </ClInclude>
    <ClInclude Include="threading\implementation\recursive_mutex.h">
      <Filter>Заголовочные файлы</Filter>
    </ClInclude>
    <ClInclude Include="threading\implementation\runnuble.h">
      <Filter>Заголовочные файлы</Filter>
    </ClInclude>
    <ClInclude Include="threading\implementation\thread.h">
      <Filter>Заголовочные файлы</Filter>
    </ClInclude>
    <ClInclude Include="threading\implementation\timed_mutex.h">
      <Filter>Заголовочные файлы</Filter>
    </ClInclude>
    <ClInclude Include="threading\implementation\worker.h">
      <Filter>Заголовочные файлы</Filter>
    </ClInclude>
    <ClInclude Include="threading\implementation\worker_pool.h">
      <Filter>Заголовочные файлы</Filter>
    </ClInclude>
    <ClInclude Include="threading\async_queue.h">
      <Filter>Заголовочные файлы</Filter>
    </ClInclude>
    <ClInclude Include="threading\condition.h">
      <Filter>Заголовочные файлы</Filter>
    </ClInclude>
    <ClInclude Include="threading\mutex.h">
      <Filter>Заголовочные файлы</Filter>
    </ClInclude>
    <ClInclude Include="threading\runnable.h">
      <Filter>Заголовочные файлы</Filter>
    </ClInclude>
    <ClInclude Include="threading\synchronized_scope.h">
      <Filter>Заголовочные файлы</Filter>
    </ClInclude>
    <ClInclude Include="threading\thread.h">
      <Filter>Заголовочные файлы</Filter>
    </ClInclude>
    <ClInclude Include="threading\worker.h">
      <Filter>Заголовочные файлы</Filter>
    </ClInclude>
    <ClInclude Include="threading\worker_pool.h">
      <Filter>Заголовочные файлы</Filter>
    </ClInclude>
    <ClInclude Include="assert.h">
      <Filter>Заголовочные файлы</Filter>
    </ClInclude>
    <ClInclude Include="build_flags.h">
      <Filter>Заголовочные файлы</Filter>
    </ClInclude>
    <ClInclude Include="enum.h">
      <Filter>Заголовочные файлы</Filter>
    </ClInclude>
    <ClInclude Include="items.h">
      <Filter>Заголовочные файлы</Filter>
    </ClInclude>
    <ClInclude Include="platform.h">
      <Filter>Заголовочные файлы</Filter>
    </ClInclude>
    <ClInclude Include="smart_ptr.h">
      <Filter>Заголовочные файлы</Filter>
    </ClInclude>
    <ClInclude Include="strings.h">
      <Filter>Заголовочные файлы</Filter>
    </ClInclude>
    <ClInclude Include="networking\implementation\platform\windows\dns.h">
      <Filter>Заголовочные файлы</Filter>
    </ClInclude>
    <ClInclude Include="networking\implementation\platform\windows\wsa.h">
      <Filter>Заголовочные файлы</Filter>
    </ClInclude>
    <ClInclude Include="caching\cached_value.h">
      <Filter>Заголовочные файлы</Filter>
    </ClInclude>
    <ClInclude Include="caching\lazy_cacher.h">
      <Filter>Заголовочные файлы</Filter>
    </ClInclude>
  </ItemGroup>
  <ItemGroup>
    <ClCompile Include="convertion\implementation\convert.cpp">
      <Filter>Файлы исходного кода</Filter>
    </ClCompile>
    <ClCompile Include="convertion\implementation\type_name.cpp">
      <Filter>Файлы исходного кода</Filter>
    </ClCompile>
    <ClCompile Include="db\implementation\mysql_connector.cpp">
      <Filter>Файлы исходного кода</Filter>
    </ClCompile>
    <ClCompile Include="db\implementation\postgresql_connector.cpp">
      <Filter>Файлы исходного кода</Filter>
    </ClCompile>
    <ClCompile Include="db\config.cpp">
      <Filter>Файлы исходного кода</Filter>
    </ClCompile>
    <ClCompile Include="db\connector.cpp">
      <Filter>Файлы исходного кода</Filter>
    </ClCompile>
    <ClCompile Include="encryption\implementation\openssl.cpp">
      <Filter>Файлы исходного кода</Filter>
    </ClCompile>
    <ClCompile Include="fs\implementation\fast_text_writer.cpp">
      <Filter>Файлы исходного кода</Filter>
    </ClCompile>
    <ClCompile Include="fs\implementation\file_cache.cpp">
      <Filter>Файлы исходного кода</Filter>
    </ClCompile>
    <ClCompile Include="fs\files.cpp">
      <Filter>Файлы исходного кода</Filter>
    </ClCompile>
    <ClCompile Include="logging\implementation\channel.cpp">
      <Filter>Файлы исходного кода</Filter>
    </ClCompile>
    <ClCompile Include="logging\implementation\sink_console.cpp">
      <Filter>Файлы исходного кода</Filter>
    </ClCompile>
    <ClCompile Include="logging\implementation\sink_file.cpp">
      <Filter>Файлы исходного кода</Filter>
    </ClCompile>
    <ClCompile Include="logging\event.cpp">
      <Filter>Файлы исходного кода</Filter>
    </ClCompile>
    <ClCompile Include="logging\logger.cpp">
      <Filter>Файлы исходного кода</Filter>
    </ClCompile>
    <ClCompile Include="logging\sink.cpp">
      <Filter>Файлы исходного кода</Filter>
    </ClCompile>
    <ClCompile Include="networking\implementation\socket_handler.cpp">
      <Filter>Файлы исходного кода</Filter>
    </ClCompile>
    <ClCompile Include="networking\server\implementation\http.cpp">
      <Filter>Файлы исходного кода</Filter>
    </ClCompile>
    <ClCompile Include="networking\socket.cpp">
      <Filter>Файлы исходного кода</Filter>
    </ClCompile>
    <ClCompile Include="networking\url.cpp">
      <Filter>Файлы исходного кода</Filter>
    </ClCompile>
    <ClCompile Include="parsing\implementation\parser_http.cpp">
      <Filter>Файлы исходного кода</Filter>
    </ClCompile>
    <ClCompile Include="parsing\implementation\parser_json.cpp">
      <Filter>Файлы исходного кода</Filter>
    </ClCompile>
    <ClCompile Include="parsing\implementation\parser_xml.cpp">
      <Filter>Файлы исходного кода</Filter>
    </ClCompile>
    <ClCompile Include="parsing\file_parser.cpp">
      <Filter>Файлы исходного кода</Filter>
    </ClCompile>
    <ClCompile Include="parsing\node.cpp">
      <Filter>Файлы исходного кода</Filter>
    </ClCompile>
    <ClCompile Include="protocol\http\implementation\mime.cpp">
      <Filter>Файлы исходного кода</Filter>
    </ClCompile>
    <ClCompile Include="protocol\http\implementation\protocol.cpp">
      <Filter>Файлы исходного кода</Filter>
    </ClCompile>
    <ClCompile Include="protocol\http\implementation\uri_fs_mapper.cpp">
      <Filter>Файлы исходного кода</Filter>
    </ClCompile>
    <ClCompile Include="protocol\http\method.cpp">
      <Filter>Файлы исходного кода</Filter>
    </ClCompile>
    <ClCompile Include="protocol\http\request.cpp">
      <Filter>Файлы исходного кода</Filter>
    </ClCompile>
    <ClCompile Include="protocol\http\response.cpp">
      <Filter>Файлы исходного кода</Filter>
    </ClCompile>
    <ClCompile Include="protocol\implementation\packet.cpp">
      <Filter>Файлы исходного кода</Filter>
    </ClCompile>
    <ClCompile Include="system\terminator.cpp">
      <Filter>Файлы исходного кода</Filter>
    </ClCompile>
    <ClCompile Include="threading\implementation\base_mutex.cpp">
      <Filter>Файлы исходного кода</Filter>
    </ClCompile>
    <ClCompile Include="threading\implementation\condition.cpp">
      <Filter>Файлы исходного кода</Filter>
    </ClCompile>
    <ClCompile Include="threading\implementation\mutex.cpp">
      <Filter>Файлы исходного кода</Filter>
    </ClCompile>
    <ClCompile Include="threading\implementation\recursive_mutex.cpp">
      <Filter>Файлы исходного кода</Filter>
    </ClCompile>
    <ClCompile Include="threading\implementation\runnuble.cpp">
      <Filter>Файлы исходного кода</Filter>
    </ClCompile>
    <ClCompile Include="threading\implementation\timed_mutex.cpp">
      <Filter>Файлы исходного кода</Filter>
    </ClCompile>
    <ClCompile Include="threading\synchronized_scope.cpp">
      <Filter>Файлы исходного кода</Filter>
    </ClCompile>
    <ClCompile Include="threading\thread.cpp">
      <Filter>Файлы исходного кода</Filter>
    </ClCompile>
    <ClCompile Include="strings.cpp">
      <Filter>Файлы исходного кода</Filter>
    </ClCompile>
    <ClCompile Include="convertion\implementation\platform\windows\convert.cpp">
      <Filter>Файлы исходного кода</Filter>
    </ClCompile>
    <ClCompile Include="db\implementation\connector.cpp">
      <Filter>Файлы исходного кода</Filter>
    </ClCompile>
    <ClCompile Include="logging\config.cpp">
      <Filter>Файлы исходного кода</Filter>
    </ClCompile>
    <ClCompile Include="networking\client\implementation\socket.cpp">
      <Filter>Файлы исходного кода</Filter>
    </ClCompile>
    <ClCompile Include="networking\implementation\platform\windows\dns.cpp">
      <Filter>Файлы исходного кода</Filter>
    </ClCompile>
    <ClCompile Include="networking\implementation\platform\windows\socket.cpp">
      <Filter>Файлы исходного кода</Filter>
    </ClCompile>
    <ClCompile Include="networking\server\implementation\socket.cpp">
      <Filter>Файлы исходного кода</Filter>
    </ClCompile>
    <ClCompile Include="parsing\serialization\node.cpp">
      <Filter>Файлы исходного кода</Filter>
    </ClCompile>
    <ClCompile Include="logging\implementation\sink.cpp">
      <Filter>Файлы исходного кода</Filter>
    </ClCompile>
    <ClCompile Include="threading\implementation\thread.cpp">
      <Filter>Файлы исходного кода</Filter>
    </ClCompile>
    <ClCompile Include="networking\implementation\platform\windows\wsa.cpp">
      <Filter>Файлы исходного кода</Filter>
    </ClCompile>
  </ItemGroup>
</Project>